// !$*UTF8*$!
{
	archiveVersion = 1;
	classes = {
	};
	objectVersion = 63;
	objects = {

/* Begin PBXBuildFile section */
		0369506285A9A4B7A0DC9936 /* FeedViewModelTests.swift in Sources */ = {isa = PBXBuildFile; fileRef = CE281D326080231EC22D9E78 /* FeedViewModelTests.swift */; };
		060C2D32197895DC7FD40363 /* PushNotificationManager.swift in Sources */ = {isa = PBXBuildFile; fileRef = F6C3814EFC1504924DF22028 /* PushNotificationManager.swift */; };
		08F41DFF8D39584C5B1B4AD0 /* APIModels.swift in Sources */ = {isa = PBXBuildFile; fileRef = 54612F11132171C09C05608D /* APIModels.swift */; };
		0BC4BCA70421214CCBAB2DCA /* PipelineStepsView.swift in Sources */ = {isa = PBXBuildFile; fileRef = 7CA2886DE964E9A3FD11E401 /* PipelineStepsView.swift */; };
		174BFF9F1A81A4B009899048 /* Kingfisher in Frameworks */ = {isa = PBXBuildFile; productRef = 448BB569502FA7F5E363C5A8 /* Kingfisher */; };
		F9A0B1C2D3E4F5A6B7C8D9EA /* MarkdownUI in Frameworks */ = {isa = PBXBuildFile; productRef = E8F9A0B1C2D3E4F5A6B7C8D9 /* MarkdownUI */; };
		18D05EB0125F4382E204874D /* CaptureView.swift in Sources */ = {isa = PBXBuildFile; fileRef = 88924FFEEDE8B1AA1E1BB3C6 /* CaptureView.swift */; };
		1B593F2ADBE50911C21D3103 /* SpeechRecognizer.swift in Sources */ = {isa = PBXBuildFile; fileRef = 1F6FA20D983C1523214238EC /* SpeechRecognizer.swift */; };
		24E8066DFF620B79A9BAF21F /* ListingFormatterTests.swift in Sources */ = {isa = PBXBuildFile; fileRef = 122843332F2933508D6AAF68 /* ListingFormatterTests.swift */; };
		2644B4AA84E41CDA9331B83A /* EnhancementViewModelTests.swift in Sources */ = {isa = PBXBuildFile; fileRef = B16A6C102DF2636521B8589E /* EnhancementViewModelTests.swift */; };
		27AB61AC3DDE04436DEFCE5F /* Assets.xcassets in Resources */ = {isa = PBXBuildFile; fileRef = 396CBA4552671D80BD8381D6 /* Assets.xcassets */; };
		2A204708AE8C4EC2ED067264 /* AuthServiceTests.swift in Sources */ = {isa = PBXBuildFile; fileRef = 0CB9212FB4E3E8EB5EACC992 /* AuthServiceTests.swift */; };
		2BA9E45AF87C377076D082DD /* APIClientTests.swift in Sources */ = {isa = PBXBuildFile; fileRef = 6D5FB0633F3FFF8C30AB3992 /* APIClientTests.swift */; };
		2BE4972B56B9C9F03985381E /* DescribeView.swift in Sources */ = {isa = PBXBuildFile; fileRef = C9DBFFAF8F2D620A01C583D0 /* DescribeView.swift */; };
		30FA2E2D1A96487BFE2F81B7 /* TimeAgo.swift in Sources */ = {isa = PBXBuildFile; fileRef = 074A374C42874E4BCBAFC080 /* TimeAgo.swift */; };
		32B7455386685B0E9E5C0AC7 /* PipelineStepsViewTests.swift in Sources */ = {isa = PBXBuildFile; fileRef = 21F6B6826B8F869C89DF32A8 /* PipelineStepsViewTests.swift */; };
		3457A4DAE6D80346C10D6E81 /* ComparablesView.swift in Sources */ = {isa = PBXBuildFile; fileRef = 189D5513EFD9B6F22FB69EAE /* ComparablesView.swift */; };
		3D9E29C367ADAF36D7568198 /* EnhancementSheetTests.swift in Sources */ = {isa = PBXBuildFile; fileRef = C11DADCFA65ED18BE04BEE34 /* EnhancementSheetTests.swift */; };
		42F86AF78F6EBF54E2CBFF7F /* KeychainManagerTests.swift in Sources */ = {isa = PBXBuildFile; fileRef = 83FA06B45AF55FFDAE8EEB45 /* KeychainManagerTests.swift */; };
		43B9028F1A937DA0B5F8CE08 /* ImageUploadServiceTests.swift in Sources */ = {isa = PBXBuildFile; fileRef = 287F18009C2A978F760D56B2 /* ImageUploadServiceTests.swift */; };
		47047F855B1FA1229E397629 /* AgentLogView.swift in Sources */ = {isa = PBXBuildFile; fileRef = EC9DA0AD20FB39F6AA3E4604 /* AgentLogView.swift */; };
		4F6118CAA68CB067DA3ACAFF /* CaptureViewTests.swift in Sources */ = {isa = PBXBuildFile; fileRef = 3F20A6015817710435DEA44B /* CaptureViewTests.swift */; };
		50D5280832FE6B94FC9DA21E /* Constants.swift in Sources */ = {isa = PBXBuildFile; fileRef = EFE6936882B2EAA70F62EDE9 /* Constants.swift */; };
		5A38948B5B3055D1A159FBA7 /* EmptyStateView.swift in Sources */ = {isa = PBXBuildFile; fileRef = 72AE20354E2E0F1478ED4136 /* EmptyStateView.swift */; };
		5A7F6B1D4CFE0ABE29456A38 /* ListingDetailViewModel.swift in Sources */ = {isa = PBXBuildFile; fileRef = 9EF51D522D35B9EBF6370593 /* ListingDetailViewModel.swift */; };
		5D83D0920729E3C8E660921B /* ImageCarouselView.swift in Sources */ = {isa = PBXBuildFile; fileRef = AFE31E54389D42CE91A36515 /* ImageCarouselView.swift */; };
		5E20FAD9B65430C50C8D12D5 /* Comparable.swift in Sources */ = {isa = PBXBuildFile; fileRef = F17CCF7A328A3E452B6E177E /* Comparable.swift */; };
		AA1B2C3D4E5F6A7B8C9D0E1F /* EditActionsView.swift in Sources */ = {isa = PBXBuildFile; fileRef = BB2C3D4E5F6A7B8C9D0E1F2A /* EditActionsView.swift */; };
		CC3D4E5F6A7B8C9D0E1F2A3B /* ListingDetailTitleSection.swift in Sources */ = {isa = PBXBuildFile; fileRef = DD4E5F6A7B8C9D0E1F2A3B4C /* ListingDetailTitleSection.swift */; };
		EE5F6A7B8C9D0E1F2A3B4C5D /* ListingDetailPriceCard.swift in Sources */ = {isa = PBXBuildFile; fileRef = FF6A7B8C9D0E1F2A3B4C5D6E /* ListingDetailPriceCard.swift */; };
		117B8C9D0E1F2A3B4C5D6E7F /* ListingDetailDescriptionSection.swift in Sources */ = {isa = PBXBuildFile; fileRef = 228C9D0E1F2A3B4C5D6E7F80 /* ListingDetailDescriptionSection.swift */; };
		339D0E1F2A3B4C5D6E7F8091 /* ListingDetailBottomBar.swift in Sources */ = {isa = PBXBuildFile; fileRef = 440E1F2A3B4C5D6E7F809102 /* ListingDetailBottomBar.swift */; };
		604E59CCB0F6EF2AD400DF57 /* ListingsService.swift in Sources */ = {isa = PBXBuildFile; fileRef = E47095B1BCC6F36FAA9864A0 /* ListingsService.swift */; };
		61935F7D573676E01AEF3321 /* EnhancementViewModel.swift in Sources */ = {isa = PBXBuildFile; fileRef = AA0E9D4C650AEBCEB8C891FE /* EnhancementViewModel.swift */; };
		64BD2D49BB83B57A5EF445EF /* TimeAgoTests.swift in Sources */ = {isa = PBXBuildFile; fileRef = A6A0C6315C6951DDE7E574CF /* TimeAgoTests.swift */; };
		6FF2D807FC55CC90966227B9 /* EnhancementSheet.swift in Sources */ = {isa = PBXBuildFile; fileRef = 78B74F51158AF533B37A0C29 /* EnhancementSheet.swift */; };
		705D19EC5E46DE54CF4A262F /* ListwellApp.swift in Sources */ = {isa = PBXBuildFile; fileRef = 0BBED54F4A289C69B75B494C /* ListwellApp.swift */; };
		712A102885EF4C8D4DFE1F79 /* FeedView.swift in Sources */ = {isa = PBXBuildFile; fileRef = 7DF64464F80BCC07F8B71F21 /* FeedView.swift */; };
		71DD6EAB52B4E31C24DC6D4E /* AuthService.swift in Sources */ = {isa = PBXBuildFile; fileRef = 25DD5805CFE0ABBBC66D2300 /* AuthService.swift */; };
		748CBC12C1F516FCCDC7F12B /* CopyButton.swift in Sources */ = {isa = PBXBuildFile; fileRef = 5293A316C5028FC3ED911780 /* CopyButton.swift */; };
		74F1511B50D6BCA4F1498B29 /* FeedViewModel.swift in Sources */ = {isa = PBXBuildFile; fileRef = CFFF266E49BFD5FEDC5EF35A /* FeedViewModel.swift */; };
		877255DDFFAB1539450FA5EF /* FABButton.swift in Sources */ = {isa = PBXBuildFile; fileRef = AF72CFF001B2A5532AB5E2C0 /* FABButton.swift */; };
		89706C6FF84BB8E35B242AD6 /* AuthViewModel.swift in Sources */ = {isa = PBXBuildFile; fileRef = E9FD4B47DADA3D7AB855A65D /* AuthViewModel.swift */; };
		89C08CF98EDFF106B7435421 /* AgentLogEntry.swift in Sources */ = {isa = PBXBuildFile; fileRef = 3B4B056BB0BF49854AB2EB2A /* AgentLogEntry.swift */; };
		8BA9CFB948F1CAAE0B554796 /* ListingImage.swift in Sources */ = {isa = PBXBuildFile; fileRef = 1AC6EAF81A6CF9A984377A6D /* ListingImage.swift */; };
		8DB340252DE67A01BD16C738 /* ImageUploadService.swift in Sources */ = {isa = PBXBuildFile; fileRef = 4A1DF21DAD44008D84D90BBD /* ImageUploadService.swift */; };
		8DB5995261530DD2E3D28095 /* ProductDetailsView.swift in Sources */ = {isa = PBXBuildFile; fileRef = E1CD524BCF0158D041F79A6E /* ProductDetailsView.swift */; };
		9C423E0C6C0666D0CC9A497C /* ListingStatusBadge.swift in Sources */ = {isa = PBXBuildFile; fileRef = A6EB2B9FCFCD6991A6E374A1 /* ListingStatusBadge.swift */; };
		AC6BD89667E9E135C3F835CA /* PhotoGridView.swift in Sources */ = {isa = PBXBuildFile; fileRef = 44751DB9C8738C785856E319 /* PhotoGridView.swift */; };
		AE0F6A54512D4803248C7CE2 /* AuthViewModelTests.swift in Sources */ = {isa = PBXBuildFile; fileRef = CBD3C12838E5B5858F936B3C /* AuthViewModelTests.swift */; };
		AF7731589EE66F0460BFBAFA /* APIClient.swift in Sources */ = {isa = PBXBuildFile; fileRef = 9B3C846BBF90DD6B98F13364 /* APIClient.swift */; };
		AFA46C01DB798B88709592A9 /* DescribeViewTests.swift in Sources */ = {isa = PBXBuildFile; fileRef = 18C553508239C02534499BE7 /* DescribeViewTests.swift */; };
		B652CE135BCCAA86D8FEC4D5 /* ListingDetailView.swift in Sources */ = {isa = PBXBuildFile; fileRef = 18F246F2E5D95934C35E91E0 /* ListingDetailView.swift */; };
		BADF7B7B41E19A9D258842BD /* LoginViewTests.swift in Sources */ = {isa = PBXBuildFile; fileRef = 33DECC066EDB7CE5C269896B /* LoginViewTests.swift */; };
		BB04B961D3D954C113AD1740 /* ListingCardView.swift in Sources */ = {isa = PBXBuildFile; fileRef = 4CE58D9ECC897C0200E386F6 /* ListingCardView.swift */; };
		BFF264AFC30DFB8BBC84B1B6 /* ContentView.swift in Sources */ = {isa = PBXBuildFile; fileRef = A2BEE564EC271DD9F196C2BD /* ContentView.swift */; };
		C0140D811ED340007C81AE0A /* Enums.swift in Sources */ = {isa = PBXBuildFile; fileRef = 051E5B357100E32357ED4AC2 /* Enums.swift */; };
		C3A5AAE5B92C729E41C880E3 /* FeedViewTests.swift in Sources */ = {isa = PBXBuildFile; fileRef = 47C3D8BBD5042EA85478173A /* FeedViewTests.swift */; };
		C4EC2E37482BD32773B9F9C1 /* User.swift in Sources */ = {isa = PBXBuildFile; fileRef = F1F7FF75DFAA1D5E9C503DC5 /* User.swift */; };
		C8DC55FA97235D273C7D23DA /* SharedComponentTests.swift in Sources */ = {isa = PBXBuildFile; fileRef = C618E45F6E26F2EF29089714 /* SharedComponentTests.swift */; };
		CCC648FB6D3B0A8E461F38B6 /* KeychainManager.swift in Sources */ = {isa = PBXBuildFile; fileRef = 173182EE1F48FEBA7C2BE055 /* KeychainManager.swift */; };
		D8019CFBA7646671F1A914B4 /* ListingDetailViewModelPollingTests.swift in Sources */ = {isa = PBXBuildFile; fileRef = C24EE759DB3D588C98A60C06 /* ListingDetailViewModelPollingTests.swift */; };
		DA8AD6A72C8BA7BD8AFA8349 /* SpeechRecognizerTests.swift in Sources */ = {isa = PBXBuildFile; fileRef = 6B2662D4594957566AA7A62F /* SpeechRecognizerTests.swift */; };
		DAE42894DDCD96787576CFDF /* PushNotificationManagerTests.swift in Sources */ = {isa = PBXBuildFile; fileRef = 6AC95C3AACC4BC414A1D3ABC /* PushNotificationManagerTests.swift */; };
		DC305D3051BBEC91D499DB7E /* ListingDetailViewModelTests.swift in Sources */ = {isa = PBXBuildFile; fileRef = 019F9F5DE9ECD379B07A3F8C /* ListingDetailViewModelTests.swift */; };
		DDF46B04C937DDCADCCEE648 /* ListingFormatter.swift in Sources */ = {isa = PBXBuildFile; fileRef = 2DCB3C9A8F92A36F256EA3C5 /* ListingFormatter.swift */; };
		EBE6ABD6E93FD1D7BCE0B74E /* ListwellUITests.swift in Sources */ = {isa = PBXBuildFile; fileRef = FE3D11153C80A714B18C6BC9 /* ListwellUITests.swift */; };
		EDD3FDA10D995088DE42A495 /* NewListingViewModel.swift in Sources */ = {isa = PBXBuildFile; fileRef = 99039DCCC2CE1E0357080F52 /* NewListingViewModel.swift */; };
		EFCE28980DB5891D5E4BB8DE /* ListingDetailViewTests.swift in Sources */ = {isa = PBXBuildFile; fileRef = 0F7AA5908A7E01E7F6E96539 /* ListingDetailViewTests.swift */; };
		F519C4C75C55212823D2AE2A /* Listing.swift in Sources */ = {isa = PBXBuildFile; fileRef = E47391DD4597DB29F9F9B55F /* Listing.swift */; };
		F70B9BAF77FF53084A45E19D /* ModelDecodingTests.swift in Sources */ = {isa = PBXBuildFile; fileRef = D07080CB631239BB306A8903 /* ModelDecodingTests.swift */; };
		F9AF4A04D437E29395EB9450 /* CameraView.swift in Sources */ = {isa = PBXBuildFile; fileRef = D51E9A84F25F519F5736D49A /* CameraView.swift */; };
		FD8487E11547D3A43580DBE5 /* LoginView.swift in Sources */ = {isa = PBXBuildFile; fileRef = 4067EFDA3FCE718893086967 /* LoginView.swift */; };
		FEBB59632E3D4AB993200B6B /* ListingsServiceTests.swift in Sources */ = {isa = PBXBuildFile; fileRef = 9A8A3EFB3409D3CB2E57428B /* ListingsServiceTests.swift */; };
/* End PBXBuildFile section */

/* Begin PBXContainerItemProxy section */
		ACF38E615A74216A3A741516 /* PBXContainerItemProxy */ = {
			isa = PBXContainerItemProxy;
			containerPortal = 1AFA296E33A81293081C2C4D /* Project object */;
			proxyType = 1;
			remoteGlobalIDString = DF70CD2D22E82CC202D42B63;
			remoteInfo = Listwell;
		};
		B75941784254E3AFDA50A8E2 /* PBXContainerItemProxy */ = {
			isa = PBXContainerItemProxy;
			containerPortal = 1AFA296E33A81293081C2C4D /* Project object */;
			proxyType = 1;
			remoteGlobalIDString = DF70CD2D22E82CC202D42B63;
			remoteInfo = Listwell;
		};
/* End PBXContainerItemProxy section */

/* Begin PBXFileReference section */
		019F9F5DE9ECD379B07A3F8C /* ListingDetailViewModelTests.swift */ = {isa = PBXFileReference; lastKnownFileType = sourcecode.swift; path = ListingDetailViewModelTests.swift; sourceTree = "<group>"; };
		051E5B357100E32357ED4AC2 /* Enums.swift */ = {isa = PBXFileReference; lastKnownFileType = sourcecode.swift; path = Enums.swift; sourceTree = "<group>"; };
		074A374C42874E4BCBAFC080 /* TimeAgo.swift */ = {isa = PBXFileReference; lastKnownFileType = sourcecode.swift; path = TimeAgo.swift; sourceTree = "<group>"; };
		0BBED54F4A289C69B75B494C /* ListwellApp.swift */ = {isa = PBXFileReference; lastKnownFileType = sourcecode.swift; path = ListwellApp.swift; sourceTree = "<group>"; };
		0C0D667152928041E16BE35A /* ListwellTests.xctest */ = {isa = PBXFileReference; includeInIndex = 0; lastKnownFileType = wrapper.cfbundle; path = ListwellTests.xctest; sourceTree = BUILT_PRODUCTS_DIR; };
		0CB9212FB4E3E8EB5EACC992 /* AuthServiceTests.swift */ = {isa = PBXFileReference; lastKnownFileType = sourcecode.swift; path = AuthServiceTests.swift; sourceTree = "<group>"; };
		0F7AA5908A7E01E7F6E96539 /* ListingDetailViewTests.swift */ = {isa = PBXFileReference; lastKnownFileType = sourcecode.swift; path = ListingDetailViewTests.swift; sourceTree = "<group>"; };
		122843332F2933508D6AAF68 /* ListingFormatterTests.swift */ = {isa = PBXFileReference; lastKnownFileType = sourcecode.swift; path = ListingFormatterTests.swift; sourceTree = "<group>"; };
		173182EE1F48FEBA7C2BE055 /* KeychainManager.swift */ = {isa = PBXFileReference; lastKnownFileType = sourcecode.swift; path = KeychainManager.swift; sourceTree = "<group>"; };
		189D5513EFD9B6F22FB69EAE /* ComparablesView.swift */ = {isa = PBXFileReference; lastKnownFileType = sourcecode.swift; path = ComparablesView.swift; sourceTree = "<group>"; };
		18C553508239C02534499BE7 /* DescribeViewTests.swift */ = {isa = PBXFileReference; lastKnownFileType = sourcecode.swift; path = DescribeViewTests.swift; sourceTree = "<group>"; };
		18F246F2E5D95934C35E91E0 /* ListingDetailView.swift */ = {isa = PBXFileReference; lastKnownFileType = sourcecode.swift; path = ListingDetailView.swift; sourceTree = "<group>"; };
		BB2C3D4E5F6A7B8C9D0E1F2A /* EditActionsView.swift */ = {isa = PBXFileReference; lastKnownFileType = sourcecode.swift; path = EditActionsView.swift; sourceTree = "<group>"; };
		DD4E5F6A7B8C9D0E1F2A3B4C /* ListingDetailTitleSection.swift */ = {isa = PBXFileReference; lastKnownFileType = sourcecode.swift; path = ListingDetailTitleSection.swift; sourceTree = "<group>"; };
		FF6A7B8C9D0E1F2A3B4C5D6E /* ListingDetailPriceCard.swift */ = {isa = PBXFileReference; lastKnownFileType = sourcecode.swift; path = ListingDetailPriceCard.swift; sourceTree = "<group>"; };
		228C9D0E1F2A3B4C5D6E7F80 /* ListingDetailDescriptionSection.swift */ = {isa = PBXFileReference; lastKnownFileType = sourcecode.swift; path = ListingDetailDescriptionSection.swift; sourceTree = "<group>"; };
		440E1F2A3B4C5D6E7F809102 /* ListingDetailBottomBar.swift */ = {isa = PBXFileReference; lastKnownFileType = sourcecode.swift; path = ListingDetailBottomBar.swift; sourceTree = "<group>"; };
		1AC6EAF81A6CF9A984377A6D /* ListingImage.swift */ = {isa = PBXFileReference; lastKnownFileType = sourcecode.swift; path = ListingImage.swift; sourceTree = "<group>"; };
		1F6FA20D983C1523214238EC /* SpeechRecognizer.swift */ = {isa = PBXFileReference; lastKnownFileType = sourcecode.swift; path = SpeechRecognizer.swift; sourceTree = "<group>"; };
		21F6B6826B8F869C89DF32A8 /* PipelineStepsViewTests.swift */ = {isa = PBXFileReference; lastKnownFileType = sourcecode.swift; path = PipelineStepsViewTests.swift; sourceTree = "<group>"; };
		2486EBB83BB928B1C6F866AA /* Info.plist */ = {isa = PBXFileReference; lastKnownFileType = text.plist; path = Info.plist; sourceTree = "<group>"; };
		25DD5805CFE0ABBBC66D2300 /* AuthService.swift */ = {isa = PBXFileReference; lastKnownFileType = sourcecode.swift; path = AuthService.swift; sourceTree = "<group>"; };
		287F18009C2A978F760D56B2 /* ImageUploadServiceTests.swift */ = {isa = PBXFileReference; lastKnownFileType = sourcecode.swift; path = ImageUploadServiceTests.swift; sourceTree = "<group>"; };
		2DCB3C9A8F92A36F256EA3C5 /* ListingFormatter.swift */ = {isa = PBXFileReference; lastKnownFileType = sourcecode.swift; path = ListingFormatter.swift; sourceTree = "<group>"; };
		33DECC066EDB7CE5C269896B /* LoginViewTests.swift */ = {isa = PBXFileReference; lastKnownFileType = sourcecode.swift; path = LoginViewTests.swift; sourceTree = "<group>"; };
		396CBA4552671D80BD8381D6 /* Assets.xcassets */ = {isa = PBXFileReference; lastKnownFileType = folder.assetcatalog; path = Assets.xcassets; sourceTree = "<group>"; };
		3B4B056BB0BF49854AB2EB2A /* AgentLogEntry.swift */ = {isa = PBXFileReference; lastKnownFileType = sourcecode.swift; path = AgentLogEntry.swift; sourceTree = "<group>"; };
		3F20A6015817710435DEA44B /* CaptureViewTests.swift */ = {isa = PBXFileReference; lastKnownFileType = sourcecode.swift; path = CaptureViewTests.swift; sourceTree = "<group>"; };
		4067EFDA3FCE718893086967 /* LoginView.swift */ = {isa = PBXFileReference; lastKnownFileType = sourcecode.swift; path = LoginView.swift; sourceTree = "<group>"; };
		44751DB9C8738C785856E319 /* PhotoGridView.swift */ = {isa = PBXFileReference; lastKnownFileType = sourcecode.swift; path = PhotoGridView.swift; sourceTree = "<group>"; };
		4651AE9C367D71F0AC092F3C /* ListwellUITests.xctest */ = {isa = PBXFileReference; includeInIndex = 0; lastKnownFileType = wrapper.cfbundle; path = ListwellUITests.xctest; sourceTree = BUILT_PRODUCTS_DIR; };
		47C3D8BBD5042EA85478173A /* FeedViewTests.swift */ = {isa = PBXFileReference; lastKnownFileType = sourcecode.swift; path = FeedViewTests.swift; sourceTree = "<group>"; };
		4A1DF21DAD44008D84D90BBD /* ImageUploadService.swift */ = {isa = PBXFileReference; lastKnownFileType = sourcecode.swift; path = ImageUploadService.swift; sourceTree = "<group>"; };
		4CE58D9ECC897C0200E386F6 /* ListingCardView.swift */ = {isa = PBXFileReference; lastKnownFileType = sourcecode.swift; path = ListingCardView.swift; sourceTree = "<group>"; };
		5293A316C5028FC3ED911780 /* CopyButton.swift */ = {isa = PBXFileReference; lastKnownFileType = sourcecode.swift; path = CopyButton.swift; sourceTree = "<group>"; };
		54612F11132171C09C05608D /* APIModels.swift */ = {isa = PBXFileReference; lastKnownFileType = sourcecode.swift; path = APIModels.swift; sourceTree = "<group>"; };
		6AC95C3AACC4BC414A1D3ABC /* PushNotificationManagerTests.swift */ = {isa = PBXFileReference; lastKnownFileType = sourcecode.swift; path = PushNotificationManagerTests.swift; sourceTree = "<group>"; };
		6B2662D4594957566AA7A62F /* SpeechRecognizerTests.swift */ = {isa = PBXFileReference; lastKnownFileType = sourcecode.swift; path = SpeechRecognizerTests.swift; sourceTree = "<group>"; };
		6D5FB0633F3FFF8C30AB3992 /* APIClientTests.swift */ = {isa = PBXFileReference; lastKnownFileType = sourcecode.swift; path = APIClientTests.swift; sourceTree = "<group>"; };
		72AE20354E2E0F1478ED4136 /* EmptyStateView.swift */ = {isa = PBXFileReference; lastKnownFileType = sourcecode.swift; path = EmptyStateView.swift; sourceTree = "<group>"; };
		78B74F51158AF533B37A0C29 /* EnhancementSheet.swift */ = {isa = PBXFileReference; lastKnownFileType = sourcecode.swift; path = EnhancementSheet.swift; sourceTree = "<group>"; };
		7CA2886DE964E9A3FD11E401 /* PipelineStepsView.swift */ = {isa = PBXFileReference; lastKnownFileType = sourcecode.swift; path = PipelineStepsView.swift; sourceTree = "<group>"; };
		7DF64464F80BCC07F8B71F21 /* FeedView.swift */ = {isa = PBXFileReference; lastKnownFileType = sourcecode.swift; path = FeedView.swift; sourceTree = "<group>"; };
		83FA06B45AF55FFDAE8EEB45 /* KeychainManagerTests.swift */ = {isa = PBXFileReference; lastKnownFileType = sourcecode.swift; path = KeychainManagerTests.swift; sourceTree = "<group>"; };
		88924FFEEDE8B1AA1E1BB3C6 /* CaptureView.swift */ = {isa = PBXFileReference; lastKnownFileType = sourcecode.swift; path = CaptureView.swift; sourceTree = "<group>"; };
		99039DCCC2CE1E0357080F52 /* NewListingViewModel.swift */ = {isa = PBXFileReference; lastKnownFileType = sourcecode.swift; path = NewListingViewModel.swift; sourceTree = "<group>"; };
		9A8A3EFB3409D3CB2E57428B /* ListingsServiceTests.swift */ = {isa = PBXFileReference; lastKnownFileType = sourcecode.swift; path = ListingsServiceTests.swift; sourceTree = "<group>"; };
		9B3C846BBF90DD6B98F13364 /* APIClient.swift */ = {isa = PBXFileReference; lastKnownFileType = sourcecode.swift; path = APIClient.swift; sourceTree = "<group>"; };
		9EAB2817E001FB0D7DDF3951 /* Listwell.app */ = {isa = PBXFileReference; explicitFileType = wrapper.application; includeInIndex = 0; path = Listwell.app; sourceTree = BUILT_PRODUCTS_DIR; };
		9EF51D522D35B9EBF6370593 /* ListingDetailViewModel.swift */ = {isa = PBXFileReference; lastKnownFileType = sourcecode.swift; path = ListingDetailViewModel.swift; sourceTree = "<group>"; };
		A2BEE564EC271DD9F196C2BD /* ContentView.swift */ = {isa = PBXFileReference; lastKnownFileType = sourcecode.swift; path = ContentView.swift; sourceTree = "<group>"; };
		A6A0C6315C6951DDE7E574CF /* TimeAgoTests.swift */ = {isa = PBXFileReference; lastKnownFileType = sourcecode.swift; path = TimeAgoTests.swift; sourceTree = "<group>"; };
		A6EB2B9FCFCD6991A6E374A1 /* ListingStatusBadge.swift */ = {isa = PBXFileReference; lastKnownFileType = sourcecode.swift; path = ListingStatusBadge.swift; sourceTree = "<group>"; };
		AA0E9D4C650AEBCEB8C891FE /* EnhancementViewModel.swift */ = {isa = PBXFileReference; lastKnownFileType = sourcecode.swift; path = EnhancementViewModel.swift; sourceTree = "<group>"; };
		AF72CFF001B2A5532AB5E2C0 /* FABButton.swift */ = {isa = PBXFileReference; lastKnownFileType = sourcecode.swift; path = FABButton.swift; sourceTree = "<group>"; };
		AFE31E54389D42CE91A36515 /* ImageCarouselView.swift */ = {isa = PBXFileReference; lastKnownFileType = sourcecode.swift; path = ImageCarouselView.swift; sourceTree = "<group>"; };
		B16A6C102DF2636521B8589E /* EnhancementViewModelTests.swift */ = {isa = PBXFileReference; lastKnownFileType = sourcecode.swift; path = EnhancementViewModelTests.swift; sourceTree = "<group>"; };
		C11DADCFA65ED18BE04BEE34 /* EnhancementSheetTests.swift */ = {isa = PBXFileReference; lastKnownFileType = sourcecode.swift; path = EnhancementSheetTests.swift; sourceTree = "<group>"; };
		C24EE759DB3D588C98A60C06 /* ListingDetailViewModelPollingTests.swift */ = {isa = PBXFileReference; lastKnownFileType = sourcecode.swift; path = ListingDetailViewModelPollingTests.swift; sourceTree = "<group>"; };
		C618E45F6E26F2EF29089714 /* SharedComponentTests.swift */ = {isa = PBXFileReference; lastKnownFileType = sourcecode.swift; path = SharedComponentTests.swift; sourceTree = "<group>"; };
		C9DBFFAF8F2D620A01C583D0 /* DescribeView.swift */ = {isa = PBXFileReference; lastKnownFileType = sourcecode.swift; path = DescribeView.swift; sourceTree = "<group>"; };
		CBD3C12838E5B5858F936B3C /* AuthViewModelTests.swift */ = {isa = PBXFileReference; lastKnownFileType = sourcecode.swift; path = AuthViewModelTests.swift; sourceTree = "<group>"; };
		CE281D326080231EC22D9E78 /* FeedViewModelTests.swift */ = {isa = PBXFileReference; lastKnownFileType = sourcecode.swift; path = FeedViewModelTests.swift; sourceTree = "<group>"; };
		CFFF266E49BFD5FEDC5EF35A /* FeedViewModel.swift */ = {isa = PBXFileReference; lastKnownFileType = sourcecode.swift; path = FeedViewModel.swift; sourceTree = "<group>"; };
		D07080CB631239BB306A8903 /* ModelDecodingTests.swift */ = {isa = PBXFileReference; lastKnownFileType = sourcecode.swift; path = ModelDecodingTests.swift; sourceTree = "<group>"; };
		D51E9A84F25F519F5736D49A /* CameraView.swift */ = {isa = PBXFileReference; lastKnownFileType = sourcecode.swift; path = CameraView.swift; sourceTree = "<group>"; };
		E1CD524BCF0158D041F79A6E /* ProductDetailsView.swift */ = {isa = PBXFileReference; lastKnownFileType = sourcecode.swift; path = ProductDetailsView.swift; sourceTree = "<group>"; };
		E47095B1BCC6F36FAA9864A0 /* ListingsService.swift */ = {isa = PBXFileReference; lastKnownFileType = sourcecode.swift; path = ListingsService.swift; sourceTree = "<group>"; };
		E47391DD4597DB29F9F9B55F /* Listing.swift */ = {isa = PBXFileReference; lastKnownFileType = sourcecode.swift; path = Listing.swift; sourceTree = "<group>"; };
		E700EE8E1DA2810F9760BB8F /* Listwell.entitlements */ = {isa = PBXFileReference; lastKnownFileType = text.plist.entitlements; path = Listwell.entitlements; sourceTree = "<group>"; };
		E9FD4B47DADA3D7AB855A65D /* AuthViewModel.swift */ = {isa = PBXFileReference; lastKnownFileType = sourcecode.swift; path = AuthViewModel.swift; sourceTree = "<group>"; };
		EC9DA0AD20FB39F6AA3E4604 /* AgentLogView.swift */ = {isa = PBXFileReference; lastKnownFileType = sourcecode.swift; path = AgentLogView.swift; sourceTree = "<group>"; };
		EFE6936882B2EAA70F62EDE9 /* Constants.swift */ = {isa = PBXFileReference; lastKnownFileType = sourcecode.swift; path = Constants.swift; sourceTree = "<group>"; };
		F17CCF7A328A3E452B6E177E /* Comparable.swift */ = {isa = PBXFileReference; lastKnownFileType = sourcecode.swift; path = Comparable.swift; sourceTree = "<group>"; };
		F1F7FF75DFAA1D5E9C503DC5 /* User.swift */ = {isa = PBXFileReference; lastKnownFileType = sourcecode.swift; path = User.swift; sourceTree = "<group>"; };
		F6C3814EFC1504924DF22028 /* PushNotificationManager.swift */ = {isa = PBXFileReference; lastKnownFileType = sourcecode.swift; path = PushNotificationManager.swift; sourceTree = "<group>"; };
		FE3D11153C80A714B18C6BC9 /* ListwellUITests.swift */ = {isa = PBXFileReference; lastKnownFileType = sourcecode.swift; path = ListwellUITests.swift; sourceTree = "<group>"; };
/* End PBXFileReference section */

/* Begin PBXFrameworksBuildPhase section */
		391D63B874913E12220D5B87 /* Frameworks */ = {
			isa = PBXFrameworksBuildPhase;
			buildActionMask = 2147483647;
			files = (
				174BFF9F1A81A4B009899048 /* Kingfisher in Frameworks */,
				F9A0B1C2D3E4F5A6B7C8D9EA /* MarkdownUI in Frameworks */,
			);
			runOnlyForDeploymentPostprocessing = 0;
		};
/* End PBXFrameworksBuildPhase section */

/* Begin PBXGroup section */
		0962084090ECF89F62D0BB74 /* Models */ = {
			isa = PBXGroup;
			children = (
				D07080CB631239BB306A8903 /* ModelDecodingTests.swift */,
			);
			path = Models;
			sourceTree = "<group>";
		};
		158A876C35FB53B24268AF9E /* Detail */ = {
			isa = PBXGroup;
			children = (
				EC9DA0AD20FB39F6AA3E4604 /* AgentLogView.swift */,
				189D5513EFD9B6F22FB69EAE /* ComparablesView.swift */,
				BB2C3D4E5F6A7B8C9D0E1F2A /* EditActionsView.swift */,
				AFE31E54389D42CE91A36515 /* ImageCarouselView.swift */,
				440E1F2A3B4C5D6E7F809102 /* ListingDetailBottomBar.swift */,
				228C9D0E1F2A3B4C5D6E7F80 /* ListingDetailDescriptionSection.swift */,
				FF6A7B8C9D0E1F2A3B4C5D6E /* ListingDetailPriceCard.swift */,
				DD4E5F6A7B8C9D0E1F2A3B4C /* ListingDetailTitleSection.swift */,
				18F246F2E5D95934C35E91E0 /* ListingDetailView.swift */,
				7CA2886DE964E9A3FD11E401 /* PipelineStepsView.swift */,
				E1CD524BCF0158D041F79A6E /* ProductDetailsView.swift */,
			);
			path = Detail;
			sourceTree = "<group>";
		};
		26E578D0F728ADD0484BA15F /* Feed */ = {
			isa = PBXGroup;
			children = (
				7DF64464F80BCC07F8B71F21 /* FeedView.swift */,
				4CE58D9ECC897C0200E386F6 /* ListingCardView.swift */,
			);
			path = Feed;
			sourceTree = "<group>";
		};
		35FADB861DAEC5415B3D1959 /* Models */ = {
			isa = PBXGroup;
			children = (
				3B4B056BB0BF49854AB2EB2A /* AgentLogEntry.swift */,
				54612F11132171C09C05608D /* APIModels.swift */,
				F17CCF7A328A3E452B6E177E /* Comparable.swift */,
				051E5B357100E32357ED4AC2 /* Enums.swift */,
				E47391DD4597DB29F9F9B55F /* Listing.swift */,
				1AC6EAF81A6CF9A984377A6D /* ListingImage.swift */,
				F1F7FF75DFAA1D5E9C503DC5 /* User.swift */,
			);
			path = Models;
			sourceTree = "<group>";
		};
		39ACF6D3E3E04B4BBDA05516 /* Views */ = {
			isa = PBXGroup;
			children = (
				3F20A6015817710435DEA44B /* CaptureViewTests.swift */,
				18C553508239C02534499BE7 /* DescribeViewTests.swift */,
				C11DADCFA65ED18BE04BEE34 /* EnhancementSheetTests.swift */,
				47C3D8BBD5042EA85478173A /* FeedViewTests.swift */,
				0F7AA5908A7E01E7F6E96539 /* ListingDetailViewTests.swift */,
				33DECC066EDB7CE5C269896B /* LoginViewTests.swift */,
				21F6B6826B8F869C89DF32A8 /* PipelineStepsViewTests.swift */,
				C618E45F6E26F2EF29089714 /* SharedComponentTests.swift */,
			);
			path = Views;
			sourceTree = "<group>";
		};
		3C1E6E0F3A29B917E3B15D9F /* Products */ = {
			isa = PBXGroup;
			children = (
				9EAB2817E001FB0D7DDF3951 /* Listwell.app */,
				0C0D667152928041E16BE35A /* ListwellTests.xctest */,
				4651AE9C367D71F0AC092F3C /* ListwellUITests.xctest */,
			);
			name = Products;
			sourceTree = "<group>";
		};
		44F822219BFDC94E15DA85A6 /* Utilities */ = {
			isa = PBXGroup;
			children = (
				122843332F2933508D6AAF68 /* ListingFormatterTests.swift */,
				A6A0C6315C6951DDE7E574CF /* TimeAgoTests.swift */,
			);
			path = Utilities;
			sourceTree = "<group>";
		};
		6462BEB45D3C342AA6403127 /* ListwellTests */ = {
			isa = PBXGroup;
			children = (
				0962084090ECF89F62D0BB74 /* Models */,
				9CE012DFAF186F25E6E76F99 /* Services */,
				44F822219BFDC94E15DA85A6 /* Utilities */,
				ACD62A7AB633A3AE35C2512B /* ViewModels */,
				39ACF6D3E3E04B4BBDA05516 /* Views */,
			);
			path = ListwellTests;
			sourceTree = "<group>";
		};
		83434BE10A6D31AC51C56513 /* Services */ = {
			isa = PBXGroup;
			children = (
				9B3C846BBF90DD6B98F13364 /* APIClient.swift */,
				25DD5805CFE0ABBBC66D2300 /* AuthService.swift */,
				4A1DF21DAD44008D84D90BBD /* ImageUploadService.swift */,
				173182EE1F48FEBA7C2BE055 /* KeychainManager.swift */,
				E47095B1BCC6F36FAA9864A0 /* ListingsService.swift */,
				F6C3814EFC1504924DF22028 /* PushNotificationManager.swift */,
				1F6FA20D983C1523214238EC /* SpeechRecognizer.swift */,
			);
			path = Services;
			sourceTree = "<group>";
		};
		8BCD3701206059E13320D109 /* NewListing */ = {
			isa = PBXGroup;
			children = (
				88924FFEEDE8B1AA1E1BB3C6 /* CaptureView.swift */,
				C9DBFFAF8F2D620A01C583D0 /* DescribeView.swift */,
				44751DB9C8738C785856E319 /* PhotoGridView.swift */,
			);
			path = NewListing;
			sourceTree = "<group>";
		};
		8EE49D49C6BDACD87704FE06 = {
			isa = PBXGroup;
			children = (
				C3F85CBF790ED060C3AA6850 /* Listwell */,
				6462BEB45D3C342AA6403127 /* ListwellTests */,
				C3205FFB088F07C442645DA3 /* ListwellUITests */,
				3C1E6E0F3A29B917E3B15D9F /* Products */,
			);
			sourceTree = "<group>";
		};
		91C1618AF4C7B4B793F9A001 /* Resources */ = {
			isa = PBXGroup;
			children = (
				396CBA4552671D80BD8381D6 /* Assets.xcassets */,
			);
			path = Resources;
			sourceTree = "<group>";
		};
		95F3844220ACCAE606753C32 /* Enhancement */ = {
			isa = PBXGroup;
			children = (
				78B74F51158AF533B37A0C29 /* EnhancementSheet.swift */,
			);
			path = Enhancement;
			sourceTree = "<group>";
		};
		9CE012DFAF186F25E6E76F99 /* Services */ = {
			isa = PBXGroup;
			children = (
				6D5FB0633F3FFF8C30AB3992 /* APIClientTests.swift */,
				0CB9212FB4E3E8EB5EACC992 /* AuthServiceTests.swift */,
				287F18009C2A978F760D56B2 /* ImageUploadServiceTests.swift */,
				83FA06B45AF55FFDAE8EEB45 /* KeychainManagerTests.swift */,
				9A8A3EFB3409D3CB2E57428B /* ListingsServiceTests.swift */,
				6AC95C3AACC4BC414A1D3ABC /* PushNotificationManagerTests.swift */,
				6B2662D4594957566AA7A62F /* SpeechRecognizerTests.swift */,
			);
			path = Services;
			sourceTree = "<group>";
		};
		ACD62A7AB633A3AE35C2512B /* ViewModels */ = {
			isa = PBXGroup;
			children = (
				CBD3C12838E5B5858F936B3C /* AuthViewModelTests.swift */,
				B16A6C102DF2636521B8589E /* EnhancementViewModelTests.swift */,
				CE281D326080231EC22D9E78 /* FeedViewModelTests.swift */,
				C24EE759DB3D588C98A60C06 /* ListingDetailViewModelPollingTests.swift */,
				019F9F5DE9ECD379B07A3F8C /* ListingDetailViewModelTests.swift */,
			);
			path = ViewModels;
			sourceTree = "<group>";
		};
		AF6CC6933951F8D0B104E2DE /* Utilities */ = {
			isa = PBXGroup;
			children = (
				EFE6936882B2EAA70F62EDE9 /* Constants.swift */,
				2DCB3C9A8F92A36F256EA3C5 /* ListingFormatter.swift */,
				074A374C42874E4BCBAFC080 /* TimeAgo.swift */,
			);
			path = Utilities;
			sourceTree = "<group>";
		};
		C3205FFB088F07C442645DA3 /* ListwellUITests */ = {
			isa = PBXGroup;
			children = (
				FE3D11153C80A714B18C6BC9 /* ListwellUITests.swift */,
			);
			path = ListwellUITests;
			sourceTree = "<group>";
		};
		C3F85CBF790ED060C3AA6850 /* Listwell */ = {
			isa = PBXGroup;
			children = (
				A2BEE564EC271DD9F196C2BD /* ContentView.swift */,
				2486EBB83BB928B1C6F866AA /* Info.plist */,
				E700EE8E1DA2810F9760BB8F /* Listwell.entitlements */,
				0BBED54F4A289C69B75B494C /* ListwellApp.swift */,
				35FADB861DAEC5415B3D1959 /* Models */,
				91C1618AF4C7B4B793F9A001 /* Resources */,
				83434BE10A6D31AC51C56513 /* Services */,
				AF6CC6933951F8D0B104E2DE /* Utilities */,
				F14E12944911D40E3EA49274 /* ViewModels */,
				D420D4A8C966435D2FA570FB /* Views */,
			);
			path = Listwell;
			sourceTree = "<group>";
		};
		C443DE590D569F5FD6B6D0F7 /* Shared */ = {
			isa = PBXGroup;
			children = (
				D51E9A84F25F519F5736D49A /* CameraView.swift */,
				5293A316C5028FC3ED911780 /* CopyButton.swift */,
				72AE20354E2E0F1478ED4136 /* EmptyStateView.swift */,
				AF72CFF001B2A5532AB5E2C0 /* FABButton.swift */,
				A6EB2B9FCFCD6991A6E374A1 /* ListingStatusBadge.swift */,
			);
			path = Shared;
			sourceTree = "<group>";
		};
		C795ABD0F5EC2584C922D482 /* Auth */ = {
			isa = PBXGroup;
			children = (
				4067EFDA3FCE718893086967 /* LoginView.swift */,
			);
			path = Auth;
			sourceTree = "<group>";
		};
		D420D4A8C966435D2FA570FB /* Views */ = {
			isa = PBXGroup;
			children = (
				C795ABD0F5EC2584C922D482 /* Auth */,
				158A876C35FB53B24268AF9E /* Detail */,
				95F3844220ACCAE606753C32 /* Enhancement */,
				26E578D0F728ADD0484BA15F /* Feed */,
				8BCD3701206059E13320D109 /* NewListing */,
				C443DE590D569F5FD6B6D0F7 /* Shared */,
			);
			path = Views;
			sourceTree = "<group>";
		};
		F14E12944911D40E3EA49274 /* ViewModels */ = {
			isa = PBXGroup;
			children = (
				E9FD4B47DADA3D7AB855A65D /* AuthViewModel.swift */,
				AA0E9D4C650AEBCEB8C891FE /* EnhancementViewModel.swift */,
				CFFF266E49BFD5FEDC5EF35A /* FeedViewModel.swift */,
				9EF51D522D35B9EBF6370593 /* ListingDetailViewModel.swift */,
				99039DCCC2CE1E0357080F52 /* NewListingViewModel.swift */,
			);
			path = ViewModels;
			sourceTree = "<group>";
		};
/* End PBXGroup section */

/* Begin PBXNativeTarget section */
		29B54617D0D829C487F6EF98 /* ListwellTests */ = {
			isa = PBXNativeTarget;
			buildConfigurationList = 8B5ABB31CC49C5DFCF0D9408 /* Build configuration list for PBXNativeTarget "ListwellTests" */;
			buildPhases = (
				A07137094ECB442C52731F8A /* Sources */,
			);
			buildRules = (
			);
			dependencies = (
				3BF0849F8894B5BD7B585F51 /* PBXTargetDependency */,
			);
			name = ListwellTests;
			packageProductDependencies = (
			);
			productName = ListwellTests;
			productReference = 0C0D667152928041E16BE35A /* ListwellTests.xctest */;
			productType = "com.apple.product-type.bundle.unit-test";
		};
		73AC07E4E408F60FE0EBCD43 /* ListwellUITests */ = {
			isa = PBXNativeTarget;
			buildConfigurationList = C28A2CFD1F7FE58EB6037A0E /* Build configuration list for PBXNativeTarget "ListwellUITests" */;
			buildPhases = (
				8757EA15BF1119F0D6860740 /* Sources */,
			);
			buildRules = (
			);
			dependencies = (
				A989072499B011F3EBF2CFA6 /* PBXTargetDependency */,
			);
			name = ListwellUITests;
			packageProductDependencies = (
			);
			productName = ListwellUITests;
			productReference = 4651AE9C367D71F0AC092F3C /* ListwellUITests.xctest */;
			productType = "com.apple.product-type.bundle.ui-testing";
		};
		DF70CD2D22E82CC202D42B63 /* Listwell */ = {
			isa = PBXNativeTarget;
			buildConfigurationList = EC714742C8EF9761C3FB6926 /* Build configuration list for PBXNativeTarget "Listwell" */;
			buildPhases = (
				BCC420C8E1D1687DC1244734 /* Sources */,
				3DFB4680491F256B7902B305 /* Resources */,
				391D63B874913E12220D5B87 /* Frameworks */,
			);
			buildRules = (
			);
			dependencies = (
			);
			name = Listwell;
			packageProductDependencies = (
				448BB569502FA7F5E363C5A8 /* Kingfisher */,
				E8F9A0B1C2D3E4F5A6B7C8D9 /* MarkdownUI */,
			);
			productName = Listwell;
			productReference = 9EAB2817E001FB0D7DDF3951 /* Listwell.app */;
			productType = "com.apple.product-type.application";
		};
/* End PBXNativeTarget section */

/* Begin PBXProject section */
		1AFA296E33A81293081C2C4D /* Project object */ = {
			isa = PBXProject;
			attributes = {
				BuildIndependentTargetsInParallel = YES;
				LastUpgradeCheck = 1600;
				TargetAttributes = {
					73AC07E4E408F60FE0EBCD43 = {
						TestTargetID = DF70CD2D22E82CC202D42B63;
					};
					DF70CD2D22E82CC202D42B63 = {
						ProvisioningStyle = Automatic;
					};
				};
			};
			buildConfigurationList = 195D5D8592B9E23610C2301E /* Build configuration list for PBXProject "Listwell" */;
			compatibilityVersion = "Xcode 14.0";
			developmentRegion = en;
			hasScannedForEncodings = 0;
			knownRegions = (
				Base,
				en,
			);
			mainGroup = 8EE49D49C6BDACD87704FE06;
			minimizedProjectReferenceProxies = 1;
			packageReferences = (
				BE914173099417541AA10FF9 /* XCRemoteSwiftPackageReference "Kingfisher" */,
				D7E8F9A0B1C2D3E4F5A6B7C8 /* XCRemoteSwiftPackageReference "swift-markdown-ui" */,
			);
			projectDirPath = "";
			projectRoot = "";
			targets = (
				DF70CD2D22E82CC202D42B63 /* Listwell */,
				29B54617D0D829C487F6EF98 /* ListwellTests */,
				73AC07E4E408F60FE0EBCD43 /* ListwellUITests */,
			);
		};
/* End PBXProject section */

/* Begin PBXResourcesBuildPhase section */
		3DFB4680491F256B7902B305 /* Resources */ = {
			isa = PBXResourcesBuildPhase;
			buildActionMask = 2147483647;
			files = (
				27AB61AC3DDE04436DEFCE5F /* Assets.xcassets in Resources */,
			);
			runOnlyForDeploymentPostprocessing = 0;
		};
/* End PBXResourcesBuildPhase section */

/* Begin PBXSourcesBuildPhase section */
		8757EA15BF1119F0D6860740 /* Sources */ = {
			isa = PBXSourcesBuildPhase;
			buildActionMask = 2147483647;
			files = (
				EBE6ABD6E93FD1D7BCE0B74E /* ListwellUITests.swift in Sources */,
			);
			runOnlyForDeploymentPostprocessing = 0;
		};
		A07137094ECB442C52731F8A /* Sources */ = {
			isa = PBXSourcesBuildPhase;
			buildActionMask = 2147483647;
			files = (
				2BA9E45AF87C377076D082DD /* APIClientTests.swift in Sources */,
				2A204708AE8C4EC2ED067264 /* AuthServiceTests.swift in Sources */,
				AE0F6A54512D4803248C7CE2 /* AuthViewModelTests.swift in Sources */,
				4F6118CAA68CB067DA3ACAFF /* CaptureViewTests.swift in Sources */,
				AFA46C01DB798B88709592A9 /* DescribeViewTests.swift in Sources */,
				3D9E29C367ADAF36D7568198 /* EnhancementSheetTests.swift in Sources */,
				2644B4AA84E41CDA9331B83A /* EnhancementViewModelTests.swift in Sources */,
				0369506285A9A4B7A0DC9936 /* FeedViewModelTests.swift in Sources */,
				C3A5AAE5B92C729E41C880E3 /* FeedViewTests.swift in Sources */,
				43B9028F1A937DA0B5F8CE08 /* ImageUploadServiceTests.swift in Sources */,
				42F86AF78F6EBF54E2CBFF7F /* KeychainManagerTests.swift in Sources */,
				D8019CFBA7646671F1A914B4 /* ListingDetailViewModelPollingTests.swift in Sources */,
				DC305D3051BBEC91D499DB7E /* ListingDetailViewModelTests.swift in Sources */,
				EFCE28980DB5891D5E4BB8DE /* ListingDetailViewTests.swift in Sources */,
				24E8066DFF620B79A9BAF21F /* ListingFormatterTests.swift in Sources */,
				FEBB59632E3D4AB993200B6B /* ListingsServiceTests.swift in Sources */,
				BADF7B7B41E19A9D258842BD /* LoginViewTests.swift in Sources */,
				F70B9BAF77FF53084A45E19D /* ModelDecodingTests.swift in Sources */,
				32B7455386685B0E9E5C0AC7 /* PipelineStepsViewTests.swift in Sources */,
				DAE42894DDCD96787576CFDF /* PushNotificationManagerTests.swift in Sources */,
				C8DC55FA97235D273C7D23DA /* SharedComponentTests.swift in Sources */,
				DA8AD6A72C8BA7BD8AFA8349 /* SpeechRecognizerTests.swift in Sources */,
				64BD2D49BB83B57A5EF445EF /* TimeAgoTests.swift in Sources */,
			);
			runOnlyForDeploymentPostprocessing = 0;
		};
		BCC420C8E1D1687DC1244734 /* Sources */ = {
			isa = PBXSourcesBuildPhase;
			buildActionMask = 2147483647;
			files = (
				AF7731589EE66F0460BFBAFA /* APIClient.swift in Sources */,
				08F41DFF8D39584C5B1B4AD0 /* APIModels.swift in Sources */,
				89C08CF98EDFF106B7435421 /* AgentLogEntry.swift in Sources */,
				47047F855B1FA1229E397629 /* AgentLogView.swift in Sources */,
				71DD6EAB52B4E31C24DC6D4E /* AuthService.swift in Sources */,
				89706C6FF84BB8E35B242AD6 /* AuthViewModel.swift in Sources */,
				F9AF4A04D437E29395EB9450 /* CameraView.swift in Sources */,
				18D05EB0125F4382E204874D /* CaptureView.swift in Sources */,
				5E20FAD9B65430C50C8D12D5 /* Comparable.swift in Sources */,
				3457A4DAE6D80346C10D6E81 /* ComparablesView.swift in Sources */,
				50D5280832FE6B94FC9DA21E /* Constants.swift in Sources */,
				BFF264AFC30DFB8BBC84B1B6 /* ContentView.swift in Sources */,
				748CBC12C1F516FCCDC7F12B /* CopyButton.swift in Sources */,
				2BE4972B56B9C9F03985381E /* DescribeView.swift in Sources */,
				AA1B2C3D4E5F6A7B8C9D0E1F /* EditActionsView.swift in Sources */,
				5A38948B5B3055D1A159FBA7 /* EmptyStateView.swift in Sources */,
				6FF2D807FC55CC90966227B9 /* EnhancementSheet.swift in Sources */,
				61935F7D573676E01AEF3321 /* EnhancementViewModel.swift in Sources */,
				C0140D811ED340007C81AE0A /* Enums.swift in Sources */,
				877255DDFFAB1539450FA5EF /* FABButton.swift in Sources */,
				712A102885EF4C8D4DFE1F79 /* FeedView.swift in Sources */,
				74F1511B50D6BCA4F1498B29 /* FeedViewModel.swift in Sources */,
				5D83D0920729E3C8E660921B /* ImageCarouselView.swift in Sources */,
				8DB340252DE67A01BD16C738 /* ImageUploadService.swift in Sources */,
				CCC648FB6D3B0A8E461F38B6 /* KeychainManager.swift in Sources */,
				F519C4C75C55212823D2AE2A /* Listing.swift in Sources */,
				BB04B961D3D954C113AD1740 /* ListingCardView.swift in Sources */,
				339D0E1F2A3B4C5D6E7F8091 /* ListingDetailBottomBar.swift in Sources */,
				117B8C9D0E1F2A3B4C5D6E7F /* ListingDetailDescriptionSection.swift in Sources */,
				EE5F6A7B8C9D0E1F2A3B4C5D /* ListingDetailPriceCard.swift in Sources */,
				CC3D4E5F6A7B8C9D0E1F2A3B /* ListingDetailTitleSection.swift in Sources */,
				B652CE135BCCAA86D8FEC4D5 /* ListingDetailView.swift in Sources */,
				5A7F6B1D4CFE0ABE29456A38 /* ListingDetailViewModel.swift in Sources */,
				DDF46B04C937DDCADCCEE648 /* ListingFormatter.swift in Sources */,
				8BA9CFB948F1CAAE0B554796 /* ListingImage.swift in Sources */,
				9C423E0C6C0666D0CC9A497C /* ListingStatusBadge.swift in Sources */,
				604E59CCB0F6EF2AD400DF57 /* ListingsService.swift in Sources */,
				705D19EC5E46DE54CF4A262F /* ListwellApp.swift in Sources */,
				FD8487E11547D3A43580DBE5 /* LoginView.swift in Sources */,
				EDD3FDA10D995088DE42A495 /* NewListingViewModel.swift in Sources */,
				AC6BD89667E9E135C3F835CA /* PhotoGridView.swift in Sources */,
				0BC4BCA70421214CCBAB2DCA /* PipelineStepsView.swift in Sources */,
				8DB5995261530DD2E3D28095 /* ProductDetailsView.swift in Sources */,
				060C2D32197895DC7FD40363 /* PushNotificationManager.swift in Sources */,
				1B593F2ADBE50911C21D3103 /* SpeechRecognizer.swift in Sources */,
				30FA2E2D1A96487BFE2F81B7 /* TimeAgo.swift in Sources */,
				C4EC2E37482BD32773B9F9C1 /* User.swift in Sources */,
			);
			runOnlyForDeploymentPostprocessing = 0;
		};
/* End PBXSourcesBuildPhase section */

/* Begin PBXTargetDependency section */
		3BF0849F8894B5BD7B585F51 /* PBXTargetDependency */ = {
			isa = PBXTargetDependency;
			target = DF70CD2D22E82CC202D42B63 /* Listwell */;
			targetProxy = ACF38E615A74216A3A741516 /* PBXContainerItemProxy */;
		};
		A989072499B011F3EBF2CFA6 /* PBXTargetDependency */ = {
			isa = PBXTargetDependency;
			target = DF70CD2D22E82CC202D42B63 /* Listwell */;
			targetProxy = B75941784254E3AFDA50A8E2 /* PBXContainerItemProxy */;
		};
/* End PBXTargetDependency section */

/* Begin XCBuildConfiguration section */
		093A89B27F8543350E3A8FA0 /* Release */ = {
			isa = XCBuildConfiguration;
			buildSettings = {
				ASSETCATALOG_COMPILER_APPICON_NAME = AppIcon;
				ASSETCATALOG_COMPILER_GLOBAL_ACCENT_COLOR_NAME = AccentColor;
				CODE_SIGN_ENTITLEMENTS = Listwell/Listwell.entitlements;
				CODE_SIGN_IDENTITY = "iPhone Developer";
				CODE_SIGN_STYLE = Automatic;
				CURRENT_PROJECT_VERSION = 1;
				DEVELOPMENT_TEAM = 8RRG5X2292;
				INFOPLIST_FILE = Listwell/Info.plist;
				LD_RUNPATH_SEARCH_PATHS = (
					"$(inherited)",
					"@executable_path/Frameworks",
				);
				MARKETING_VERSION = 1.0.0;
				PRODUCT_BUNDLE_IDENTIFIER = com.listwell.app;
				SDKROOT = iphoneos;
				SUPPORTS_MACCATALYST = NO;
				SWIFT_EMIT_LOC_STRINGS = YES;
				SWIFT_VERSION = 5.9;
				TARGETED_DEVICE_FAMILY = 1;
			};
			name = Release;
		};
		1613AF6830FDFE67984945C8 /* Debug */ = {
			isa = XCBuildConfiguration;
			buildSettings = {
				BUNDLE_LOADER = "$(TEST_HOST)";
				GENERATE_INFOPLIST_FILE = YES;
				LD_RUNPATH_SEARCH_PATHS = (
					"$(inherited)",
					"@executable_path/Frameworks",
					"@loader_path/Frameworks",
				);
				PRODUCT_BUNDLE_IDENTIFIER = com.listwell.ListwellTests;
				SDKROOT = iphoneos;
				SWIFT_VERSION = 5.9;
				TARGETED_DEVICE_FAMILY = "1,2";
				TEST_HOST = "$(BUILT_PRODUCTS_DIR)/Listwell.app/$(BUNDLE_EXECUTABLE_FOLDER_PATH)/Listwell";
			};
			name = Debug;
		};
		2387363BF606481BAB5056A6 /* Debug */ = {
			isa = XCBuildConfiguration;
			buildSettings = {
				ALWAYS_SEARCH_USER_PATHS = NO;
				CLANG_ANALYZER_NONNULL = YES;
				CLANG_ANALYZER_NUMBER_OBJECT_CONVERSION = YES_AGGRESSIVE;
				CLANG_CXX_LANGUAGE_STANDARD = "gnu++14";
				CLANG_CXX_LIBRARY = "libc++";
				CLANG_ENABLE_MODULES = YES;
				CLANG_ENABLE_OBJC_ARC = YES;
				CLANG_ENABLE_OBJC_WEAK = YES;
				CLANG_WARN_BLOCK_CAPTURE_AUTORELEASING = YES;
				CLANG_WARN_BOOL_CONVERSION = YES;
				CLANG_WARN_COMMA = YES;
				CLANG_WARN_CONSTANT_CONVERSION = YES;
				CLANG_WARN_DEPRECATED_OBJC_IMPLEMENTATIONS = YES;
				CLANG_WARN_DIRECT_OBJC_ISA_USAGE = YES_ERROR;
				CLANG_WARN_DOCUMENTATION_COMMENTS = YES;
				CLANG_WARN_EMPTY_BODY = YES;
				CLANG_WARN_ENUM_CONVERSION = YES;
				CLANG_WARN_INFINITE_RECURSION = YES;
				CLANG_WARN_INT_CONVERSION = YES;
				CLANG_WARN_NON_LITERAL_NULL_CONVERSION = YES;
				CLANG_WARN_OBJC_IMPLICIT_RETAIN_SELF = YES;
				CLANG_WARN_OBJC_LITERAL_CONVERSION = YES;
				CLANG_WARN_OBJC_ROOT_CLASS = YES_ERROR;
				CLANG_WARN_QUOTED_INCLUDE_IN_FRAMEWORK_HEADER = YES;
				CLANG_WARN_RANGE_LOOP_ANALYSIS = YES;
				CLANG_WARN_STRICT_PROTOTYPES = YES;
				CLANG_WARN_SUSPICIOUS_MOVE = YES;
				CLANG_WARN_UNGUARDED_AVAILABILITY = YES_AGGRESSIVE;
				CLANG_WARN_UNREACHABLE_CODE = YES;
				CLANG_WARN__DUPLICATE_METHOD_MATCH = YES;
				COPY_PHASE_STRIP = NO;
				DEBUG_INFORMATION_FORMAT = dwarf;
				ENABLE_STRICT_OBJC_MSGSEND = YES;
				ENABLE_TESTABILITY = YES;
				GCC_C_LANGUAGE_STANDARD = gnu11;
				GCC_DYNAMIC_NO_PIC = NO;
				GCC_NO_COMMON_BLOCKS = YES;
				GCC_OPTIMIZATION_LEVEL = 0;
				GCC_PREPROCESSOR_DEFINITIONS = (
					"$(inherited)",
					"DEBUG=1",
				);
				GCC_WARN_64_TO_32_BIT_CONVERSION = YES;
				GCC_WARN_ABOUT_RETURN_TYPE = YES_ERROR;
				GCC_WARN_UNDECLARED_SELECTOR = YES;
				GCC_WARN_UNINITIALIZED_AUTOS = YES_AGGRESSIVE;
				GCC_WARN_UNUSED_FUNCTION = YES;
				GCC_WARN_UNUSED_VARIABLE = YES;
				IPHONEOS_DEPLOYMENT_TARGET = 17.0;
				MTL_ENABLE_DEBUG_INFO = INCLUDE_SOURCE;
				MTL_FAST_MATH = YES;
				ONLY_ACTIVE_ARCH = YES;
				PRODUCT_NAME = "$(TARGET_NAME)";
				SDKROOT = iphoneos;
				SWIFT_ACTIVE_COMPILATION_CONDITIONS = DEBUG;
				SWIFT_OPTIMIZATION_LEVEL = "-Onone";
				SWIFT_VERSION = 5.0;
			};
			name = Debug;
		};
		57A3E36DCBA4E12BEA24FB5C /* Release */ = {
			isa = XCBuildConfiguration;
			buildSettings = {
				BUNDLE_LOADER = "$(TEST_HOST)";
				GENERATE_INFOPLIST_FILE = YES;
				LD_RUNPATH_SEARCH_PATHS = (
					"$(inherited)",
					"@executable_path/Frameworks",
					"@loader_path/Frameworks",
				);
				PRODUCT_BUNDLE_IDENTIFIER = com.listwell.ListwellTests;
				SDKROOT = iphoneos;
				SWIFT_VERSION = 5.9;
				TARGETED_DEVICE_FAMILY = "1,2";
				TEST_HOST = "$(BUILT_PRODUCTS_DIR)/Listwell.app/$(BUNDLE_EXECUTABLE_FOLDER_PATH)/Listwell";
			};
			name = Release;
		};
		59D9FE938E690A2ACEE0DDA3 /* Debug */ = {
			isa = XCBuildConfiguration;
			buildSettings = {
				ASSETCATALOG_COMPILER_APPICON_NAME = AppIcon;
				ASSETCATALOG_COMPILER_GLOBAL_ACCENT_COLOR_NAME = AccentColor;
				CODE_SIGN_ENTITLEMENTS = Listwell/Listwell.entitlements;
				CODE_SIGN_IDENTITY = "iPhone Developer";
				CODE_SIGN_STYLE = Automatic;
				CURRENT_PROJECT_VERSION = 1;
				DEVELOPMENT_TEAM = 8RRG5X2292;
				INFOPLIST_FILE = Listwell/Info.plist;
				LD_RUNPATH_SEARCH_PATHS = (
					"$(inherited)",
					"@executable_path/Frameworks",
				);
				MARKETING_VERSION = 1.0.0;
				PRODUCT_BUNDLE_IDENTIFIER = com.listwell.app;
				SDKROOT = iphoneos;
				SUPPORTS_MACCATALYST = NO;
				SWIFT_EMIT_LOC_STRINGS = YES;
				SWIFT_VERSION = 5.9;
				TARGETED_DEVICE_FAMILY = 1;
			};
			name = Debug;
		};
		96E6E6E74AE473173E2C06F9 /* Debug */ = {
			isa = XCBuildConfiguration;
			buildSettings = {
				BUNDLE_LOADER = "$(TEST_HOST)";
				GENERATE_INFOPLIST_FILE = YES;
				LD_RUNPATH_SEARCH_PATHS = (
					"$(inherited)",
					"@executable_path/Frameworks",
					"@loader_path/Frameworks",
				);
				PRODUCT_BUNDLE_IDENTIFIER = com.listwell.ListwellUITests;
				SDKROOT = iphoneos;
				SWIFT_VERSION = 5.9;
				TARGETED_DEVICE_FAMILY = "1,2";
				TEST_TARGET_NAME = Listwell;
			};
			name = Debug;
		};
		ADEAD71F70EA374440218403 /* Release */ = {
			isa = XCBuildConfiguration;
			buildSettings = {
				BUNDLE_LOADER = "$(TEST_HOST)";
				GENERATE_INFOPLIST_FILE = YES;
				LD_RUNPATH_SEARCH_PATHS = (
					"$(inherited)",
					"@executable_path/Frameworks",
					"@loader_path/Frameworks",
				);
				PRODUCT_BUNDLE_IDENTIFIER = com.listwell.ListwellUITests;
				SDKROOT = iphoneos;
				SWIFT_VERSION = 5.9;
				TARGETED_DEVICE_FAMILY = "1,2";
				TEST_TARGET_NAME = Listwell;
			};
			name = Release;
		};
		FAB81161765B89EC90C4392C /* Release */ = {
			isa = XCBuildConfiguration;
			buildSettings = {
				ALWAYS_SEARCH_USER_PATHS = NO;
				CLANG_ANALYZER_NONNULL = YES;
				CLANG_ANALYZER_NUMBER_OBJECT_CONVERSION = YES_AGGRESSIVE;
				CLANG_CXX_LANGUAGE_STANDARD = "gnu++14";
				CLANG_CXX_LIBRARY = "libc++";
				CLANG_ENABLE_MODULES = YES;
				CLANG_ENABLE_OBJC_ARC = YES;
				CLANG_ENABLE_OBJC_WEAK = YES;
				CLANG_WARN_BLOCK_CAPTURE_AUTORELEASING = YES;
				CLANG_WARN_BOOL_CONVERSION = YES;
				CLANG_WARN_COMMA = YES;
				CLANG_WARN_CONSTANT_CONVERSION = YES;
				CLANG_WARN_DEPRECATED_OBJC_IMPLEMENTATIONS = YES;
				CLANG_WARN_DIRECT_OBJC_ISA_USAGE = YES_ERROR;
				CLANG_WARN_DOCUMENTATION_COMMENTS = YES;
				CLANG_WARN_EMPTY_BODY = YES;
				CLANG_WARN_ENUM_CONVERSION = YES;
				CLANG_WARN_INFINITE_RECURSION = YES;
				CLANG_WARN_INT_CONVERSION = YES;
				CLANG_WARN_NON_LITERAL_NULL_CONVERSION = YES;
				CLANG_WARN_OBJC_IMPLICIT_RETAIN_SELF = YES;
				CLANG_WARN_OBJC_LITERAL_CONVERSION = YES;
				CLANG_WARN_OBJC_ROOT_CLASS = YES_ERROR;
				CLANG_WARN_QUOTED_INCLUDE_IN_FRAMEWORK_HEADER = YES;
				CLANG_WARN_RANGE_LOOP_ANALYSIS = YES;
				CLANG_WARN_STRICT_PROTOTYPES = YES;
				CLANG_WARN_SUSPICIOUS_MOVE = YES;
				CLANG_WARN_UNGUARDED_AVAILABILITY = YES_AGGRESSIVE;
				CLANG_WARN_UNREACHABLE_CODE = YES;
				CLANG_WARN__DUPLICATE_METHOD_MATCH = YES;
				COPY_PHASE_STRIP = NO;
				DEBUG_INFORMATION_FORMAT = "dwarf-with-dsym";
				ENABLE_NS_ASSERTIONS = NO;
				ENABLE_STRICT_OBJC_MSGSEND = YES;
				GCC_C_LANGUAGE_STANDARD = gnu11;
				GCC_NO_COMMON_BLOCKS = YES;
				GCC_WARN_64_TO_32_BIT_CONVERSION = YES;
				GCC_WARN_ABOUT_RETURN_TYPE = YES_ERROR;
				GCC_WARN_UNDECLARED_SELECTOR = YES;
				GCC_WARN_UNINITIALIZED_AUTOS = YES_AGGRESSIVE;
				GCC_WARN_UNUSED_FUNCTION = YES;
				GCC_WARN_UNUSED_VARIABLE = YES;
				IPHONEOS_DEPLOYMENT_TARGET = 17.0;
				MTL_ENABLE_DEBUG_INFO = NO;
				MTL_FAST_MATH = YES;
				PRODUCT_NAME = "$(TARGET_NAME)";
				SDKROOT = iphoneos;
				SWIFT_COMPILATION_MODE = wholemodule;
				SWIFT_OPTIMIZATION_LEVEL = "-O";
				SWIFT_VERSION = 5.0;
			};
			name = Release;
		};
/* End XCBuildConfiguration section */

/* Begin XCConfigurationList section */
		195D5D8592B9E23610C2301E /* Build configuration list for PBXProject "Listwell" */ = {
			isa = XCConfigurationList;
			buildConfigurations = (
				2387363BF606481BAB5056A6 /* Debug */,
				FAB81161765B89EC90C4392C /* Release */,
			);
			defaultConfigurationIsVisible = 0;
			defaultConfigurationName = Debug;
		};
		8B5ABB31CC49C5DFCF0D9408 /* Build configuration list for PBXNativeTarget "ListwellTests" */ = {
			isa = XCConfigurationList;
			buildConfigurations = (
				1613AF6830FDFE67984945C8 /* Debug */,
				57A3E36DCBA4E12BEA24FB5C /* Release */,
			);
			defaultConfigurationIsVisible = 0;
			defaultConfigurationName = Debug;
		};
		C28A2CFD1F7FE58EB6037A0E /* Build configuration list for PBXNativeTarget "ListwellUITests" */ = {
			isa = XCConfigurationList;
			buildConfigurations = (
				96E6E6E74AE473173E2C06F9 /* Debug */,
				ADEAD71F70EA374440218403 /* Release */,
			);
			defaultConfigurationIsVisible = 0;
			defaultConfigurationName = Debug;
		};
		EC714742C8EF9761C3FB6926 /* Build configuration list for PBXNativeTarget "Listwell" */ = {
			isa = XCConfigurationList;
			buildConfigurations = (
				59D9FE938E690A2ACEE0DDA3 /* Debug */,
				093A89B27F8543350E3A8FA0 /* Release */,
			);
			defaultConfigurationIsVisible = 0;
			defaultConfigurationName = Debug;
		};
/* End XCConfigurationList section */

/* Begin XCRemoteSwiftPackageReference section */
		BE914173099417541AA10FF9 /* XCRemoteSwiftPackageReference "Kingfisher" */ = {
			isa = XCRemoteSwiftPackageReference;
			repositoryURL = "https://github.com/onevcat/Kingfisher.git";
			requirement = {
				kind = upToNextMajorVersion;
				minimumVersion = 7.0.0;
			};
		};
		D7E8F9A0B1C2D3E4F5A6B7C8 /* XCRemoteSwiftPackageReference "swift-markdown-ui" */ = {
			isa = XCRemoteSwiftPackageReference;
			repositoryURL = "https://github.com/gonzalezreal/swift-markdown-ui.git";
			requirement = {
				kind = upToNextMajorVersion;
				minimumVersion = 2.0.0;
			};
		};
/* End XCRemoteSwiftPackageReference section */

/* Begin XCSwiftPackageProductDependency section */
		448BB569502FA7F5E363C5A8 /* Kingfisher */ = {
			isa = XCSwiftPackageProductDependency;
			package = BE914173099417541AA10FF9 /* XCRemoteSwiftPackageReference "Kingfisher" */;
			productName = Kingfisher;
		};
		E8F9A0B1C2D3E4F5A6B7C8D9 /* MarkdownUI */ = {
			isa = XCSwiftPackageProductDependency;
			package = D7E8F9A0B1C2D3E4F5A6B7C8 /* XCRemoteSwiftPackageReference "swift-markdown-ui" */;
			productName = MarkdownUI;
		};
/* End XCSwiftPackageProductDependency section */
	};
	rootObject = 1AFA296E33A81293081C2C4D /* Project object */;
}
